
Microsoft Visual Studio Solution File, Format Version 12.00
# Visual Studio Version 17
VisualStudioVersion = 17.8.34330.188
MinimumVisualStudioVersion = 10.0.40219.1
Project("{FAE04EC0-301F-11D3-BF4B-00C04F79EFBC}") = "MongoBlog", "MongoBlog.csproj", "{77C50D72-5672-4FB1-9D97-673B26E79512}"
EndProject
Global
	GlobalSection(SolutionConfigurationPlatforms) = preSolution
		Debug|Any CPU = Debug|Any CPU
		Release|Any CPU = Release|Any CPU
	EndGlobalSection
	GlobalSection(ProjectConfigurationPlatforms) = postSolution
		{77C50D72-5672-4FB1-9D97-673B26E79512}.Debug|Any CPU.ActiveCfg = Debug|Any CPU
		{77C50D72-5672-4FB1-9D97-673B26E79512}.Debug|Any CPU.Build.0 = Debug|Any CPU
		{77C50D72-5672-4FB1-9D97-673B26E79512}.Release|Any CPU.ActiveCfg = Release|Any CPU
		{77C50D72-5672-4FB1-9D97-673B26E79512}.Release|Any CPU.Build.0 = Release|Any CPU
	EndGlobalSection
	GlobalSection(SolutionProperties) = preSolution
		HideSolutionNode = FALSE
	EndGlobalSection
	GlobalSection(ExtensibilityGlobals) = postSolution
		SolutionGuid = {19294A06-1B8C-41EC-A522-E62A23F974A6}
	EndGlobalSection
EndGlobal
